{
  "name": "create-simon-darwin-universal",
  "version": "0.1.1-alpha",
  "lockfileVersion": 3,
  "requires": true,
  "packages": {
    "": {
      "name": "create-simon-darwin-universal",
      "version": "0.1.1-alpha",
      "license": "Apache-2.0",
      "os": [
        "darwin"
      ],
      "engines": {
        "node": ">= 10"
      }
    }
  }
}
